
Microsoft Visual Studio Solution File, Format Version 12.00
# Visual Studio Version 17
VisualStudioVersion = 17.8.34525.116
MinimumVisualStudioVersion = 10.0.40219.1
Project("{9A19103F-16F7-4668-BE54-9A1E7A4F7556}") = "Demo01", "Demo01\Demo01.csproj", "{547DBF3F-DB39-4FD9-A51F-4797C4D42EEE}"
EndProject
Project("{9A19103F-16F7-4668-BE54-9A1E7A4F7556}") = "NombreMystere", "NombreMystere\NombreMystere.csproj", "{BD25AB71-1DFD-408E-9CC8-5A49B6E58C51}"
EndProject
Global
	GlobalSection(SolutionConfigurationPlatforms) = preSolution
		Debug|Any CPU = Debug|Any CPU
		Release|Any CPU = Release|Any CPU
	EndGlobalSection
	GlobalSection(ProjectConfigurationPlatforms) = postSolution
		{547DBF3F-DB39-4FD9-A51F-4797C4D42EEE}.Debug|Any CPU.ActiveCfg = Debug|Any CPU
		{547DBF3F-DB39-4FD9-A51F-4797C4D42EEE}.Debug|Any CPU.Build.0 = Debug|Any CPU
		{547DBF3F-DB39-4FD9-A51F-4797C4D42EEE}.Release|Any CPU.ActiveCfg = Release|Any CPU
		{547DBF3F-DB39-4FD9-A51F-4797C4D42EEE}.Release|Any CPU.Build.0 = Release|Any CPU
		{BD25AB71-1DFD-408E-9CC8-5A49B6E58C51}.Debug|Any CPU.ActiveCfg = Debug|Any CPU
		{BD25AB71-1DFD-408E-9CC8-5A49B6E58C51}.Debug|Any CPU.Build.0 = Debug|Any CPU
		{BD25AB71-1DFD-408E-9CC8-5A49B6E58C51}.Release|Any CPU.ActiveCfg = Release|Any CPU
		{BD25AB71-1DFD-408E-9CC8-5A49B6E58C51}.Release|Any CPU.Build.0 = Release|Any CPU
	EndGlobalSection
	GlobalSection(SolutionProperties) = preSolution
		HideSolutionNode = FALSE
	EndGlobalSection
	GlobalSection(ExtensibilityGlobals) = postSolution
		SolutionGuid = {B8A98100-F606-486A-A62C-4891168740C1}
	EndGlobalSection
EndGlobal
